
Microsoft Visual Studio Solution File, Format Version 12.00
# Visual Studio Version 17
VisualStudioVersion = 17.1.32319.34
MinimumVisualStudioVersion = 10.0.40219.1
Project("{FAE04EC0-301F-11D3-BF4B-00C04F79EFBC}") = "DORTISLEM FUNCTIONLARLA", "DORTISLEM FUNCTIONLARLA.csproj", "{B50CBFCF-1ADD-43B0-AEAB-3685A48F64A2}"
EndProject
Global
	GlobalSection(SolutionConfigurationPlatforms) = preSolution
		Debug|Any CPU = Debug|Any CPU
		Release|Any CPU = Release|Any CPU
	EndGlobalSection
	GlobalSection(ProjectConfigurationPlatforms) = postSolution
		{B50CBFCF-1ADD-43B0-AEAB-3685A48F64A2}.Debug|Any CPU.ActiveCfg = Debug|Any CPU
		{B50CBFCF-1ADD-43B0-AEAB-3685A48F64A2}.Debug|Any CPU.Build.0 = Debug|Any CPU
		{B50CBFCF-1ADD-43B0-AEAB-3685A48F64A2}.Release|Any CPU.ActiveCfg = Release|Any CPU
		{B50CBFCF-1ADD-43B0-AEAB-3685A48F64A2}.Release|Any CPU.Build.0 = Release|Any CPU
	EndGlobalSection
	GlobalSection(SolutionProperties) = preSolution
		HideSolutionNode = FALSE
	EndGlobalSection
	GlobalSection(ExtensibilityGlobals) = postSolution
		SolutionGuid = {8D22D782-B300-43A2-B9FD-A24A90B075F7}
	EndGlobalSection
EndGlobal
